
Microsoft Visual Studio Solution File, Format Version 12.00
# Visual Studio 15
VisualStudioVersion = 15.0.28307.2017
MinimumVisualStudioVersion = 10.0.40219.1
Project("{FAE04EC0-301F-11D3-BF4B-00C04F79EFBC}") = "SkincareStore", "SkincareStore\SkincareStore.csproj", "{2F48955C-05A3-4CAE-A76A-C5589D472EA4}"
EndProject
Global
	GlobalSection(SolutionConfigurationPlatforms) = preSolution
		Debug|Any CPU = Debug|Any CPU
		Release|Any CPU = Release|Any CPU
	EndGlobalSection
	GlobalSection(ProjectConfigurationPlatforms) = postSolution
		{2F48955C-05A3-4CAE-A76A-C5589D472EA4}.Debug|Any CPU.ActiveCfg = Debug|Any CPU
		{2F48955C-05A3-4CAE-A76A-C5589D472EA4}.Debug|Any CPU.Build.0 = Debug|Any CPU
		{2F48955C-05A3-4CAE-A76A-C5589D472EA4}.Release|Any CPU.ActiveCfg = Release|Any CPU
		{2F48955C-05A3-4CAE-A76A-C5589D472EA4}.Release|Any CPU.Build.0 = Release|Any CPU
	EndGlobalSection
	GlobalSection(SolutionProperties) = preSolution
		HideSolutionNode = FALSE
	EndGlobalSection
	GlobalSection(ExtensibilityGlobals) = postSolution
		SolutionGuid = {0E6DFF9A-CC61-4DDF-8B2E-44A3BF2BEDFA}
	EndGlobalSection
EndGlobal
